
Microsoft Visual Studio Solution File, Format Version 12.00
# Visual Studio Version 16
VisualStudioVersion = 16.0.30011.22
MinimumVisualStudioVersion = 10.0.40219.1
Project("{2150E333-8FDC-42A3-9474-1A3956D46DE8}") = "src", "src", "{6C727F12-E9ED-43D2-90D4-5668A37DBCFD}"
EndProject
Project("{2150E333-8FDC-42A3-9474-1A3956D46DE8}") = "ApiGateway", "ApiGateway", "{3BC9B301-44C8-4485-A800-FF6304E10673}"
EndProject
Project("{9A19103F-16F7-4668-BE54-9A1E7A4F7556}") = "CNX.ApiGateway", "src\ApiGateway\CNX.ApiGateway\CNX.ApiGateway.csproj", "{446B35D3-79D1-446F-9844-70893F053E65}"
EndProject
Project("{2150E333-8FDC-42A3-9474-1A3956D46DE8}") = "WeatherService", "WeatherService", "{367BFC9C-C487-4E13-97B3-3751644922FA}"
EndProject
Project("{2150E333-8FDC-42A3-9474-1A3956D46DE8}") = "UserService", "UserService", "{74D91FF1-065A-4BD7-9DC5-0F35264215AA}"
EndProject
Project("{9A19103F-16F7-4668-BE54-9A1E7A4F7556}") = "CNX.WeatherService.WebApi", "src\WeatherService\CNX.WeatherService.WebApi\CNX.WeatherService.WebApi.csproj", "{A203DD24-E058-479C-8AB3-2870AB41F1F9}"
EndProject
Project("{9A19103F-16F7-4668-BE54-9A1E7A4F7556}") = "CNX.WeatherService.Model", "src\WeatherService\CNX.WeatherService.Model\CNX.WeatherService.Model.csproj", "{666D5F8D-A00B-4DA1-B511-18B4FAACA1A2}"
EndProject
Project("{9A19103F-16F7-4668-BE54-9A1E7A4F7556}") = "CNX.WeatherService.Data", "src\WeatherService\CNX.WeatherService.Data\CNX.WeatherService.Data.csproj", "{1FFE0D18-412B-4AEC-92BE-3D16B32C6572}"
EndProject
Project("{9A19103F-16F7-4668-BE54-9A1E7A4F7556}") = "CNX.WeatherService.Business", "src\WeatherService\CNX.WeatherService.Business\CNX.WeatherService.Business.csproj", "{C2B9B0DA-1B9F-43E1-98E5-CB0713C4C461}"
EndProject
Project("{9A19103F-16F7-4668-BE54-9A1E7A4F7556}") = "CNX.UserService.WebApi", "src\UserService\CNX.UserService.WebApi\CNX.UserService.WebApi.csproj", "{7C8687B3-37A5-4C34-8A18-CF9352D09B30}"
EndProject
Project("{9A19103F-16F7-4668-BE54-9A1E7A4F7556}") = "CNX.UserService.Model", "src\UserService\CNX.UserService.Model\CNX.UserService.Model.csproj", "{DDAD1DF6-2AEE-4C62-BC18-758C4F197E30}"
EndProject
Project("{9A19103F-16F7-4668-BE54-9A1E7A4F7556}") = "CNX.UserService.Data", "src\UserService\CNX.UserService.Data\CNX.UserService.Data.csproj", "{6C404923-8A63-4F59-9764-DA5781C75934}"
EndProject
Project("{9A19103F-16F7-4668-BE54-9A1E7A4F7556}") = "CNX.UserService.Business", "src\UserService\CNX.UserService.Business\CNX.UserService.Business.csproj", "{E40B4E6D-929A-4351-A4BE-CE957B35F2C0}"
EndProject
Project("{E53339B2-1760-4266-BCC7-CA923CBCF16C}") = "docker-compose", "docker-compose.dcproj", "{4ADCAAAF-704E-45E6-930C-F02415374868}"
EndProject
Project("{2150E333-8FDC-42A3-9474-1A3956D46DE8}") = "LogService", "LogService", "{199C0DBE-7928-4552-A75D-BAF12A3F8545}"
EndProject
Project("{FAE04EC0-301F-11D3-BF4B-00C04F79EFBC}") = "CNX.LogService.WebApi", "src\LogService\CNX.LogService.WebApi\CNX.LogService.WebApi.csproj", "{EAE1B0AB-83FA-431C-865C-E1179D7FB300}"
EndProject
Project("{FAE04EC0-301F-11D3-BF4B-00C04F79EFBC}") = "CNX.LogService.Model", "src\LogService\CNX.LogService.Model\CNX.LogService.Model.csproj", "{95FE75C9-0CE9-4793-89C3-E26DE5609CFE}"
EndProject
Project("{FAE04EC0-301F-11D3-BF4B-00C04F79EFBC}") = "CNX.LogService.Data", "src\LogService\CNX.LogService.Data\CNX.LogService.Data.csproj", "{14CE5A67-69E9-4C6E-BC59-E2375E4F3E2D}"
EndProject
Project("{FAE04EC0-301F-11D3-BF4B-00C04F79EFBC}") = "CNX.LogService.Business", "src\LogService\CNX.LogService.Business\CNX.LogService.Business.csproj", "{AFCC0433-E2E3-45A0-8531-FFF412930180}"
EndProject
Global
	GlobalSection(SolutionConfigurationPlatforms) = preSolution
		Debug|Any CPU = Debug|Any CPU
		Release|Any CPU = Release|Any CPU
	EndGlobalSection
	GlobalSection(ProjectConfigurationPlatforms) = postSolution
		{446B35D3-79D1-446F-9844-70893F053E65}.Debug|Any CPU.ActiveCfg = Debug|Any CPU
		{446B35D3-79D1-446F-9844-70893F053E65}.Debug|Any CPU.Build.0 = Debug|Any CPU
		{446B35D3-79D1-446F-9844-70893F053E65}.Release|Any CPU.ActiveCfg = Release|Any CPU
		{446B35D3-79D1-446F-9844-70893F053E65}.Release|Any CPU.Build.0 = Release|Any CPU
		{A203DD24-E058-479C-8AB3-2870AB41F1F9}.Debug|Any CPU.ActiveCfg = Debug|Any CPU
		{A203DD24-E058-479C-8AB3-2870AB41F1F9}.Debug|Any CPU.Build.0 = Debug|Any CPU
		{A203DD24-E058-479C-8AB3-2870AB41F1F9}.Release|Any CPU.ActiveCfg = Release|Any CPU
		{A203DD24-E058-479C-8AB3-2870AB41F1F9}.Release|Any CPU.Build.0 = Release|Any CPU
		{666D5F8D-A00B-4DA1-B511-18B4FAACA1A2}.Debug|Any CPU.ActiveCfg = Debug|Any CPU
		{666D5F8D-A00B-4DA1-B511-18B4FAACA1A2}.Debug|Any CPU.Build.0 = Debug|Any CPU
		{666D5F8D-A00B-4DA1-B511-18B4FAACA1A2}.Release|Any CPU.ActiveCfg = Release|Any CPU
		{666D5F8D-A00B-4DA1-B511-18B4FAACA1A2}.Release|Any CPU.Build.0 = Release|Any CPU
		{1FFE0D18-412B-4AEC-92BE-3D16B32C6572}.Debug|Any CPU.ActiveCfg = Debug|Any CPU
		{1FFE0D18-412B-4AEC-92BE-3D16B32C6572}.Debug|Any CPU.Build.0 = Debug|Any CPU
		{1FFE0D18-412B-4AEC-92BE-3D16B32C6572}.Release|Any CPU.ActiveCfg = Release|Any CPU
		{1FFE0D18-412B-4AEC-92BE-3D16B32C6572}.Release|Any CPU.Build.0 = Release|Any CPU
		{C2B9B0DA-1B9F-43E1-98E5-CB0713C4C461}.Debug|Any CPU.ActiveCfg = Debug|Any CPU
		{C2B9B0DA-1B9F-43E1-98E5-CB0713C4C461}.Debug|Any CPU.Build.0 = Debug|Any CPU
		{C2B9B0DA-1B9F-43E1-98E5-CB0713C4C461}.Release|Any CPU.ActiveCfg = Release|Any CPU
		{C2B9B0DA-1B9F-43E1-98E5-CB0713C4C461}.Release|Any CPU.Build.0 = Release|Any CPU
		{7C8687B3-37A5-4C34-8A18-CF9352D09B30}.Debug|Any CPU.ActiveCfg = Debug|Any CPU
		{7C8687B3-37A5-4C34-8A18-CF9352D09B30}.Debug|Any CPU.Build.0 = Debug|Any CPU
		{7C8687B3-37A5-4C34-8A18-CF9352D09B30}.Release|Any CPU.ActiveCfg = Release|Any CPU
		{7C8687B3-37A5-4C34-8A18-CF9352D09B30}.Release|Any CPU.Build.0 = Release|Any CPU
		{DDAD1DF6-2AEE-4C62-BC18-758C4F197E30}.Debug|Any CPU.ActiveCfg = Debug|Any CPU
		{DDAD1DF6-2AEE-4C62-BC18-758C4F197E30}.Debug|Any CPU.Build.0 = Debug|Any CPU
		{DDAD1DF6-2AEE-4C62-BC18-758C4F197E30}.Release|Any CPU.ActiveCfg = Release|Any CPU
		{DDAD1DF6-2AEE-4C62-BC18-758C4F197E30}.Release|Any CPU.Build.0 = Release|Any CPU
		{6C404923-8A63-4F59-9764-DA5781C75934}.Debug|Any CPU.ActiveCfg = Debug|Any CPU
		{6C404923-8A63-4F59-9764-DA5781C75934}.Debug|Any CPU.Build.0 = Debug|Any CPU
		{6C404923-8A63-4F59-9764-DA5781C75934}.Release|Any CPU.ActiveCfg = Release|Any CPU
		{6C404923-8A63-4F59-9764-DA5781C75934}.Release|Any CPU.Build.0 = Release|Any CPU
		{E40B4E6D-929A-4351-A4BE-CE957B35F2C0}.Debug|Any CPU.ActiveCfg = Debug|Any CPU
		{E40B4E6D-929A-4351-A4BE-CE957B35F2C0}.Debug|Any CPU.Build.0 = Debug|Any CPU
		{E40B4E6D-929A-4351-A4BE-CE957B35F2C0}.Release|Any CPU.ActiveCfg = Release|Any CPU
		{E40B4E6D-929A-4351-A4BE-CE957B35F2C0}.Release|Any CPU.Build.0 = Release|Any CPU
		{4ADCAAAF-704E-45E6-930C-F02415374868}.Debug|Any CPU.ActiveCfg = Debug|Any CPU
		{4ADCAAAF-704E-45E6-930C-F02415374868}.Debug|Any CPU.Build.0 = Debug|Any CPU
		{4ADCAAAF-704E-45E6-930C-F02415374868}.Release|Any CPU.ActiveCfg = Release|Any CPU
		{4ADCAAAF-704E-45E6-930C-F02415374868}.Release|Any CPU.Build.0 = Release|Any CPU
		{EAE1B0AB-83FA-431C-865C-E1179D7FB300}.Debug|Any CPU.ActiveCfg = Debug|Any CPU
		{EAE1B0AB-83FA-431C-865C-E1179D7FB300}.Debug|Any CPU.Build.0 = Debug|Any CPU
		{EAE1B0AB-83FA-431C-865C-E1179D7FB300}.Release|Any CPU.ActiveCfg = Release|Any CPU
		{EAE1B0AB-83FA-431C-865C-E1179D7FB300}.Release|Any CPU.Build.0 = Release|Any CPU
		{95FE75C9-0CE9-4793-89C3-E26DE5609CFE}.Debug|Any CPU.ActiveCfg = Debug|Any CPU
		{95FE75C9-0CE9-4793-89C3-E26DE5609CFE}.Debug|Any CPU.Build.0 = Debug|Any CPU
		{95FE75C9-0CE9-4793-89C3-E26DE5609CFE}.Release|Any CPU.ActiveCfg = Release|Any CPU
		{95FE75C9-0CE9-4793-89C3-E26DE5609CFE}.Release|Any CPU.Build.0 = Release|Any CPU
		{14CE5A67-69E9-4C6E-BC59-E2375E4F3E2D}.Debug|Any CPU.ActiveCfg = Debug|Any CPU
		{14CE5A67-69E9-4C6E-BC59-E2375E4F3E2D}.Debug|Any CPU.Build.0 = Debug|Any CPU
		{14CE5A67-69E9-4C6E-BC59-E2375E4F3E2D}.Release|Any CPU.ActiveCfg = Release|Any CPU
		{14CE5A67-69E9-4C6E-BC59-E2375E4F3E2D}.Release|Any CPU.Build.0 = Release|Any CPU
		{AFCC0433-E2E3-45A0-8531-FFF412930180}.Debug|Any CPU.ActiveCfg = Debug|Any CPU
		{AFCC0433-E2E3-45A0-8531-FFF412930180}.Debug|Any CPU.Build.0 = Debug|Any CPU
		{AFCC0433-E2E3-45A0-8531-FFF412930180}.Release|Any CPU.ActiveCfg = Release|Any CPU
		{AFCC0433-E2E3-45A0-8531-FFF412930180}.Release|Any CPU.Build.0 = Release|Any CPU
	EndGlobalSection
	GlobalSection(SolutionProperties) = preSolution
		HideSolutionNode = FALSE
	EndGlobalSection
	GlobalSection(NestedProjects) = preSolution
		{3BC9B301-44C8-4485-A800-FF6304E10673} = {6C727F12-E9ED-43D2-90D4-5668A37DBCFD}
		{446B35D3-79D1-446F-9844-70893F053E65} = {3BC9B301-44C8-4485-A800-FF6304E10673}
		{367BFC9C-C487-4E13-97B3-3751644922FA} = {6C727F12-E9ED-43D2-90D4-5668A37DBCFD}
		{74D91FF1-065A-4BD7-9DC5-0F35264215AA} = {6C727F12-E9ED-43D2-90D4-5668A37DBCFD}
		{A203DD24-E058-479C-8AB3-2870AB41F1F9} = {367BFC9C-C487-4E13-97B3-3751644922FA}
		{666D5F8D-A00B-4DA1-B511-18B4FAACA1A2} = {367BFC9C-C487-4E13-97B3-3751644922FA}
		{1FFE0D18-412B-4AEC-92BE-3D16B32C6572} = {367BFC9C-C487-4E13-97B3-3751644922FA}
		{C2B9B0DA-1B9F-43E1-98E5-CB0713C4C461} = {367BFC9C-C487-4E13-97B3-3751644922FA}
		{7C8687B3-37A5-4C34-8A18-CF9352D09B30} = {74D91FF1-065A-4BD7-9DC5-0F35264215AA}
		{DDAD1DF6-2AEE-4C62-BC18-758C4F197E30} = {74D91FF1-065A-4BD7-9DC5-0F35264215AA}
		{6C404923-8A63-4F59-9764-DA5781C75934} = {74D91FF1-065A-4BD7-9DC5-0F35264215AA}
		{E40B4E6D-929A-4351-A4BE-CE957B35F2C0} = {74D91FF1-065A-4BD7-9DC5-0F35264215AA}
		{199C0DBE-7928-4552-A75D-BAF12A3F8545} = {6C727F12-E9ED-43D2-90D4-5668A37DBCFD}
		{EAE1B0AB-83FA-431C-865C-E1179D7FB300} = {199C0DBE-7928-4552-A75D-BAF12A3F8545}
		{95FE75C9-0CE9-4793-89C3-E26DE5609CFE} = {199C0DBE-7928-4552-A75D-BAF12A3F8545}
		{14CE5A67-69E9-4C6E-BC59-E2375E4F3E2D} = {199C0DBE-7928-4552-A75D-BAF12A3F8545}
		{AFCC0433-E2E3-45A0-8531-FFF412930180} = {199C0DBE-7928-4552-A75D-BAF12A3F8545}
	EndGlobalSection
	GlobalSection(ExtensibilityGlobals) = postSolution
		SolutionGuid = {8521A0F1-463A-40CC-89B2-8186CCE1BFD2}
	EndGlobalSection
EndGlobal
