
Microsoft Visual Studio Solution File, Format Version 12.00
# Visual Studio Version 16
VisualStudioVersion = 16.0.30011.22
MinimumVisualStudioVersion = 10.0.40219.1
Project("{9A19103F-16F7-4668-BE54-9A1E7A4F7556}") = "CNX.UserService.WebApi", "CNX.UserService\CNX.UserService.WebApi.csproj", "{F7742AF6-5079-4B62-91D5-57DEBC1F17FD}"
EndProject
Project("{9A19103F-16F7-4668-BE54-9A1E7A4F7556}") = "CNX.UserService.Business", "CNX.UserService.Business\CNX.UserService.Business.csproj", "{9CEF4792-B275-453E-91E6-AFA3C7984494}"
EndProject
Project("{9A19103F-16F7-4668-BE54-9A1E7A4F7556}") = "CNX.UserService.Model", "CNX.UserService.Model\CNX.UserService.Model.csproj", "{0B2A538A-8574-4AE3-AC52-1982244F830D}"
EndProject
Project("{9A19103F-16F7-4668-BE54-9A1E7A4F7556}") = "CNX.UserService.Data", "CNX.UserService.Repository\CNX.UserService.Data.csproj", "{DAA883D3-F469-44ED-ACF2-A36885C10C55}"
EndProject
Global
	GlobalSection(SolutionConfigurationPlatforms) = preSolution
		Debug|Any CPU = Debug|Any CPU
		Release|Any CPU = Release|Any CPU
	EndGlobalSection
	GlobalSection(ProjectConfigurationPlatforms) = postSolution
		{F7742AF6-5079-4B62-91D5-57DEBC1F17FD}.Debug|Any CPU.ActiveCfg = Debug|Any CPU
		{F7742AF6-5079-4B62-91D5-57DEBC1F17FD}.Debug|Any CPU.Build.0 = Debug|Any CPU
		{F7742AF6-5079-4B62-91D5-57DEBC1F17FD}.Release|Any CPU.ActiveCfg = Release|Any CPU
		{F7742AF6-5079-4B62-91D5-57DEBC1F17FD}.Release|Any CPU.Build.0 = Release|Any CPU
		{9CEF4792-B275-453E-91E6-AFA3C7984494}.Debug|Any CPU.ActiveCfg = Debug|Any CPU
		{9CEF4792-B275-453E-91E6-AFA3C7984494}.Debug|Any CPU.Build.0 = Debug|Any CPU
		{9CEF4792-B275-453E-91E6-AFA3C7984494}.Release|Any CPU.ActiveCfg = Release|Any CPU
		{9CEF4792-B275-453E-91E6-AFA3C7984494}.Release|Any CPU.Build.0 = Release|Any CPU
		{0B2A538A-8574-4AE3-AC52-1982244F830D}.Debug|Any CPU.ActiveCfg = Debug|Any CPU
		{0B2A538A-8574-4AE3-AC52-1982244F830D}.Debug|Any CPU.Build.0 = Debug|Any CPU
		{0B2A538A-8574-4AE3-AC52-1982244F830D}.Release|Any CPU.ActiveCfg = Release|Any CPU
		{0B2A538A-8574-4AE3-AC52-1982244F830D}.Release|Any CPU.Build.0 = Release|Any CPU
		{DAA883D3-F469-44ED-ACF2-A36885C10C55}.Debug|Any CPU.ActiveCfg = Debug|Any CPU
		{DAA883D3-F469-44ED-ACF2-A36885C10C55}.Debug|Any CPU.Build.0 = Debug|Any CPU
		{DAA883D3-F469-44ED-ACF2-A36885C10C55}.Release|Any CPU.ActiveCfg = Release|Any CPU
		{DAA883D3-F469-44ED-ACF2-A36885C10C55}.Release|Any CPU.Build.0 = Release|Any CPU
	EndGlobalSection
	GlobalSection(SolutionProperties) = preSolution
		HideSolutionNode = FALSE
	EndGlobalSection
	GlobalSection(ExtensibilityGlobals) = postSolution
		SolutionGuid = {FC4B5E6D-DA3D-4C4D-8ACB-56CCB4ACD225}
	EndGlobalSection
EndGlobal
